
Microsoft Visual Studio Solution File, Format Version 12.00
# Visual Studio Version 16
VisualStudioVersion = 16.0.31911.196
MinimumVisualStudioVersion = 10.0.40219.1
Project("{FAE04EC0-301F-11D3-BF4B-00C04F79EFBC}") = "quiz", "quiz\quiz.csproj", "{4C900C30-9CD4-4A6C-AACC-84A54E240866}"
EndProject
Global
	GlobalSection(SolutionConfigurationPlatforms) = preSolution
		Debug|Any CPU = Debug|Any CPU
		Release|Any CPU = Release|Any CPU
	EndGlobalSection
	GlobalSection(ProjectConfigurationPlatforms) = postSolution
		{4C900C30-9CD4-4A6C-AACC-84A54E240866}.Debug|Any CPU.ActiveCfg = Debug|Any CPU
		{4C900C30-9CD4-4A6C-AACC-84A54E240866}.Debug|Any CPU.Build.0 = Debug|Any CPU
		{4C900C30-9CD4-4A6C-AACC-84A54E240866}.Release|Any CPU.ActiveCfg = Release|Any CPU
		{4C900C30-9CD4-4A6C-AACC-84A54E240866}.Release|Any CPU.Build.0 = Release|Any CPU
	EndGlobalSection
	GlobalSection(SolutionProperties) = preSolution
		HideSolutionNode = FALSE
	EndGlobalSection
	GlobalSection(ExtensibilityGlobals) = postSolution
		SolutionGuid = {60EF4904-67F9-436A-BF07-7616B2E6934F}
	EndGlobalSection
EndGlobal
