
Microsoft Visual Studio Solution File, Format Version 12.00
# Visual Studio Version 16
VisualStudioVersion = 16.0.29709.97
MinimumVisualStudioVersion = 10.0.40219.1
Project("{FAE04EC0-301F-11D3-BF4B-00C04F79EFBC}") = "Lab_02_2", "Lab_02_2\Lab_02_2.csproj", "{B1E44C6B-2E49-492C-9B1F-DCFB4C54D239}"
EndProject
Global
	GlobalSection(SolutionConfigurationPlatforms) = preSolution
		Debug|Any CPU = Debug|Any CPU
		Release|Any CPU = Release|Any CPU
	EndGlobalSection
	GlobalSection(ProjectConfigurationPlatforms) = postSolution
		{B1E44C6B-2E49-492C-9B1F-DCFB4C54D239}.Debug|Any CPU.ActiveCfg = Debug|Any CPU
		{B1E44C6B-2E49-492C-9B1F-DCFB4C54D239}.Debug|Any CPU.Build.0 = Debug|Any CPU
		{B1E44C6B-2E49-492C-9B1F-DCFB4C54D239}.Release|Any CPU.ActiveCfg = Release|Any CPU
		{B1E44C6B-2E49-492C-9B1F-DCFB4C54D239}.Release|Any CPU.Build.0 = Release|Any CPU
	EndGlobalSection
	GlobalSection(SolutionProperties) = preSolution
		HideSolutionNode = FALSE
	EndGlobalSection
	GlobalSection(ExtensibilityGlobals) = postSolution
		SolutionGuid = {58E1E988-958D-4F6B-8298-4BEE6AE7CCA2}
	EndGlobalSection
EndGlobal
